{
  "lockfileVersion": 1,
  "configVersion": 1,
  "workspaces": {
    "": {
      "name": "octoflow",
      "dependencies": {
        "@opencode-ai/plugin": "1.1.53",
        "@opencode-ai/sdk": "1.1.53",
        "grammy": "latest",
        "opencode-ai": "1.1.53",
        "pino": "latest",
      },
      "devDependencies": {
        "@types/node": "latest",
        "typescript": "latest",
      },
    },
  },
  "packages": {
    "@grammyjs/types": ["@grammyjs/types@3.25.0", "", {}, "sha512-iN9i5p+8ZOu9OMxWNcguojQfz4K/PDyMPOnL7PPCON+SoA/F8OKMH3uR7CVUkYfdNe0GCz8QOzAWrnqusQYFOg=="],

    "@opencode-ai/plugin": ["@opencode-ai/plugin@1.1.53", "", { "dependencies": { "@opencode-ai/sdk": "1.1.53", "zod": "4.1.8" } }, "sha512-9ye7Wz2kESgt02AUDaMea4hXxj6XhWwKAG8NwFhrw09Ux54bGaMJFt1eIS8QQGIMaD+Lp11X4QdyEg96etEBJw=="],

    "@opencode-ai/sdk": ["@opencode-ai/sdk@1.1.53", "", {}, "sha512-RUIVnPOP1CyyU32FrOOYuE7Ge51lOBuhaFp2NSX98ncApT7ffoNetmwzqrhOiJQgZB1KrbCHLYOCK6AZfacxag=="],

    "@pinojs/redact": ["@pinojs/redact@0.4.0", "", {}, "sha512-k2ENnmBugE/rzQfEcdWHcCY+/FM3VLzH9cYEsbdsoqrvzAKRhUZeRNhAZvB8OitQJ1TBed3yqWtdjzS6wJKBwg=="],

    "@types/node": ["@types/node@25.3.3", "", { "dependencies": { "undici-types": "~7.18.0" } }, "sha512-DpzbrH7wIcBaJibpKo9nnSQL0MTRdnWttGyE5haGwK86xgMOkFLp7vEyfQPGLOJh5wNYiJ3V9PmUMDhV9u8kkQ=="],

    "abort-controller": ["abort-controller@3.0.0", "", { "dependencies": { "event-target-shim": "^5.0.0" } }, "sha512-h8lQ8tacZYnR3vNQTgibj+tODHI5/+l06Au2Pcriv/Gmet0eaj4TwWH41sO9wnHDiQsEj19q0drzdWdeAHtweg=="],

    "atomic-sleep": ["atomic-sleep@1.0.0", "", {}, "sha512-kNOjDqAh7px0XWNI+4QbzoiR/nTkHAWNud2uvnJquD1/x5a7EQZMJT0AczqK0Qn67oY/TTQ1LbUKajZpp3I9tQ=="],

    "debug": ["debug@4.4.3", "", { "dependencies": { "ms": "^2.1.3" } }, "sha512-RGwwWnwQvkVfavKVt22FGLw+xYSdzARwm0ru6DhTVA3umU5hZc28V3kO4stgYryrTlLpuvgI9GiijltAjNbcqA=="],

    "event-target-shim": ["event-target-shim@5.0.1", "", {}, "sha512-i/2XbnSz/uxRCU6+NdVJgKWDTM427+MqYbkQzD321DuCQJUqOuJKIA0IM2+W2xtYHdKOmZ4dR6fExsd4SXL+WQ=="],

    "grammy": ["grammy@1.41.1", "", { "dependencies": { "@grammyjs/types": "3.25.0", "abort-controller": "^3.0.0", "debug": "^4.4.3", "node-fetch": "^2.7.0" } }, "sha512-wcHAQ1e7svL3fJMpDchcQVcWUmywhuepOOjHUHmMmWAwUJEIyK5ea5sbSjZd+Gy1aMpZeP8VYJa+4tP+j1YptQ=="],

    "ms": ["ms@2.1.3", "", {}, "sha512-6FlzubTLZG3J2a/NVCAleEhjzq5oxgHyaCU9yYXvcLsvoVaHJq/s5xXI6/XXP6tz7R9xAOtHnSO/tXtF3WRTlA=="],

    "node-fetch": ["node-fetch@2.7.0", "", { "dependencies": { "whatwg-url": "^5.0.0" }, "peerDependencies": { "encoding": "^0.1.0" }, "optionalPeers": ["encoding"] }, "sha512-c4FRfUm/dbcWZ7U+1Wq0AwCyFL+3nt2bEw05wfxSz+DWpWsitgmSgYmy2dQdWyKC1694ELPqMs/YzUSNozLt8A=="],

    "on-exit-leak-free": ["on-exit-leak-free@2.1.2", "", {}, "sha512-0eJJY6hXLGf1udHwfNftBqH+g73EU4B504nZeKpz1sYRKafAghwxEJunB2O7rDZkL4PGfsMVnTXZ2EjibbqcsA=="],

    "opencode-ai": ["opencode-ai@1.1.53", "", { "optionalDependencies": { "opencode-darwin-arm64": "1.1.53", "opencode-darwin-x64": "1.1.53", "opencode-darwin-x64-baseline": "1.1.53", "opencode-linux-arm64": "1.1.53", "opencode-linux-arm64-musl": "1.1.53", "opencode-linux-x64": "1.1.53", "opencode-linux-x64-baseline": "1.1.53", "opencode-linux-x64-baseline-musl": "1.1.53", "opencode-linux-x64-musl": "1.1.53", "opencode-windows-x64": "1.1.53", "opencode-windows-x64-baseline": "1.1.53" }, "bin": { "opencode": "bin/opencode" } }, "sha512-COjsVMI9a2IwLytk6ahxygDwxDs+1/rQg9bfruRWLOG42bIWeZkNZ67AfhZDOL1lUkKHYie1ZFrPKUZ9WGAtZQ=="],

    "opencode-darwin-arm64": ["opencode-darwin-arm64@1.1.53", "", { "os": "darwin", "cpu": "arm64" }, "sha512-X61cD9KmvXoQ2aqc+zZWBpMMVvOZ9bFWTLNAZGC6NMZMF+rxyplpSUUccgptlytBOXwyTV7gke6vQkuV5tDMAA=="],

    "opencode-darwin-x64": ["opencode-darwin-x64@1.1.53", "", { "os": "darwin", "cpu": "x64" }, "sha512-Ql5+Ed1fLaFPGvo+b9R1grbL2+RyPpXp6nh66X0Z0eVillK876b9L+n5GWnDuGPlwhAf4ycKTYqGPfcxmGmINw=="],

    "opencode-darwin-x64-baseline": ["opencode-darwin-x64-baseline@1.1.53", "", { "os": "darwin", "cpu": "x64" }, "sha512-5JZ7kR7u7xxNGRq23dKla/UCedMCYEUGtp6yf7sFHF1Oqh0aeeuBnioqTvPpeKY/4zGGdwwpEeA30hs2b9EOEg=="],

    "opencode-linux-arm64": ["opencode-linux-arm64@1.1.53", "", { "os": "linux", "cpu": "arm64" }, "sha512-4HP160A3bUoIElcDYlM98U91yybbrnnC1hB7AQ86+PE+KgGcTjlxtT/n3OKf1CZOehOTzyLSNDp1ovbACl5mwQ=="],

    "opencode-linux-arm64-musl": ["opencode-linux-arm64-musl@1.1.53", "", { "os": "linux", "cpu": "arm64" }, "sha512-lGR0gMk4TrBgwLUZaJgbp4XPC3HvQYF6MqkoWuqoIqSNAM6X/50HVGyefcea4PQ2Pcq58Pjh7ccoy+AYAdZNBg=="],

    "opencode-linux-x64": ["opencode-linux-x64@1.1.53", "", { "os": "linux", "cpu": "x64" }, "sha512-pPwMgD+w0iyoIRArrfR4AQHA8J+FkK9vBQCIKAuji/ouOVoSHkS3+0iGcoyKRH0JP9IwjyH12nk5ip8jC2ss9Q=="],

    "opencode-linux-x64-baseline": ["opencode-linux-x64-baseline@1.1.53", "", { "os": "linux", "cpu": "x64" }, "sha512-Kr1fi7q9BafRftS2q2yPSjR+UuJLffWw1qryCcqj6W4xzXapBfINjuPxv9iCaYg0MORVDu3Ds3c1xFaUzssvWg=="],

    "opencode-linux-x64-baseline-musl": ["opencode-linux-x64-baseline-musl@1.1.53", "", { "os": "linux", "cpu": "x64" }, "sha512-O4x4SX0sjeeEz1Sy6qnirIUYBRFoziojtT+ac4yXdpJ+1yLK9Qu2IbO37hoVyb8Eh/CuEqQrLK/R9i8qCsqYPQ=="],

    "opencode-linux-x64-musl": ["opencode-linux-x64-musl@1.1.53", "", { "os": "linux", "cpu": "x64" }, "sha512-S5b/a7dgS4tLG4lTHE81p7unBIW+6fM+ghHUozw1lCBgsx2oi8fDoos4+TyoYpnZgJ7m9WfL2BCc6Q7V8DDedA=="],

    "opencode-windows-x64": ["opencode-windows-x64@1.1.53", "", { "os": "win32", "cpu": "x64" }, "sha512-GdSZhScRi9ydb3QawwRFlaLAwd8Wvd7uizOKRVUnbDfgZPpUbMn/QAAl4JCBsBTVYn4HDHpouWzJSxJTm1VVKg=="],

    "opencode-windows-x64-baseline": ["opencode-windows-x64-baseline@1.1.53", "", { "os": "win32", "cpu": "x64" }, "sha512-yV32IbIfUtyOEl7VYAIB+XJ9+KCPXHE4GJt2poDwxfpFvilPlmF+xl83dcm2mcyuXj98KGTGgG7q6+OIQyO6ig=="],

    "pino": ["pino@10.3.1", "", { "dependencies": { "@pinojs/redact": "^0.4.0", "atomic-sleep": "^1.0.0", "on-exit-leak-free": "^2.1.0", "pino-abstract-transport": "^3.0.0", "pino-std-serializers": "^7.0.0", "process-warning": "^5.0.0", "quick-format-unescaped": "^4.0.3", "real-require": "^0.2.0", "safe-stable-stringify": "^2.3.1", "sonic-boom": "^4.0.1", "thread-stream": "^4.0.0" }, "bin": { "pino": "bin.js" } }, "sha512-r34yH/GlQpKZbU1BvFFqOjhISRo1MNx1tWYsYvmj6KIRHSPMT2+yHOEb1SG6NMvRoHRF0a07kCOox/9yakl1vg=="],

    "pino-abstract-transport": ["pino-abstract-transport@3.0.0", "", { "dependencies": { "split2": "^4.0.0" } }, "sha512-wlfUczU+n7Hy/Ha5j9a/gZNy7We5+cXp8YL+X+PG8S0KXxw7n/JXA3c46Y0zQznIJ83URJiwy7Lh56WLokNuxg=="],

    "pino-std-serializers": ["pino-std-serializers@7.1.0", "", {}, "sha512-BndPH67/JxGExRgiX1dX0w1FvZck5Wa4aal9198SrRhZjH3GxKQUKIBnYJTdj2HDN3UQAS06HlfcSbQj2OHmaw=="],

    "process-warning": ["process-warning@5.0.0", "", {}, "sha512-a39t9ApHNx2L4+HBnQKqxxHNs1r7KF+Intd8Q/g1bUh6q0WIp9voPXJ/x0j+ZL45KF1pJd9+q2jLIRMfvEshkA=="],

    "quick-format-unescaped": ["quick-format-unescaped@4.0.4", "", {}, "sha512-tYC1Q1hgyRuHgloV/YXs2w15unPVh8qfu/qCTfhTYamaw7fyhumKa2yGpdSo87vY32rIclj+4fWYQXUMs9EHvg=="],

    "real-require": ["real-require@0.2.0", "", {}, "sha512-57frrGM/OCTLqLOAh0mhVA9VBMHd+9U7Zb2THMGdBUoZVOtGbJzjxsYGDJ3A9AYYCP4hn6y1TVbaOfzWtm5GFg=="],

    "safe-stable-stringify": ["safe-stable-stringify@2.5.0", "", {}, "sha512-b3rppTKm9T+PsVCBEOUR46GWI7fdOs00VKZ1+9c1EWDaDMvjQc6tUwuFyIprgGgTcWoVHSKrU8H31ZHA2e0RHA=="],

    "sonic-boom": ["sonic-boom@4.2.1", "", { "dependencies": { "atomic-sleep": "^1.0.0" } }, "sha512-w6AxtubXa2wTXAUsZMMWERrsIRAdrK0Sc+FUytWvYAhBJLyuI4llrMIC1DtlNSdI99EI86KZum2MMq3EAZlF9Q=="],

    "split2": ["split2@4.2.0", "", {}, "sha512-UcjcJOWknrNkF6PLX83qcHM6KHgVKNkV62Y8a5uYDVv9ydGQVwAHMKqHdJje1VTWpljG0WYpCDhrCdAOYH4TWg=="],

    "thread-stream": ["thread-stream@4.0.0", "", { "dependencies": { "real-require": "^0.2.0" } }, "sha512-4iMVL6HAINXWf1ZKZjIPcz5wYaOdPhtO8ATvZ+Xqp3BTdaqtAwQkNmKORqcIo5YkQqGXq5cwfswDwMqqQNrpJA=="],

    "tr46": ["tr46@0.0.3", "", {}, "sha512-N3WMsuqV66lT30CrXNbEjx4GEwlow3v6rr4mCcv6prnfwhS01rkgyFdjPNBYd9br7LpXV1+Emh01fHnq2Gdgrw=="],

    "typescript": ["typescript@5.9.3", "", { "bin": { "tsc": "bin/tsc", "tsserver": "bin/tsserver" } }, "sha512-jl1vZzPDinLr9eUt3J/t7V6FgNEw9QjvBPdysz9KfQDD41fQrC2Y4vKQdiaUpFT4bXlb1RHhLpp8wtm6M5TgSw=="],

    "undici-types": ["undici-types@7.18.2", "", {}, "sha512-AsuCzffGHJybSaRrmr5eHr81mwJU3kjw6M+uprWvCXiNeN9SOGwQ3Jn8jb8m3Z6izVgknn1R0FTCEAP2QrLY/w=="],

    "webidl-conversions": ["webidl-conversions@3.0.1", "", {}, "sha512-2JAn3z8AR6rjK8Sm8orRC0h/bcl/DqL7tRPdGZ4I1CjdF+EaMLmYxBHyXuKL849eucPFhvBoxMsflfOb8kxaeQ=="],

    "whatwg-url": ["whatwg-url@5.0.0", "", { "dependencies": { "tr46": "~0.0.3", "webidl-conversions": "^3.0.0" } }, "sha512-saE57nupxk6v3HY35+jzBwYa0rKSy0XR8JSxZPwgLr7ys0IBzhGviA1/TUGJLmSVqs8pb9AnvICXEuOHLprYTw=="],

    "zod": ["zod@4.1.8", "", {}, "sha512-5R1P+WwQqmmMIEACyzSvo4JXHY5WiAFHRMg+zBZKgKS+Q1viRa0C1hmUKtHltoIFKtIdki3pRxkmpP74jnNYHQ=="],
  }
}
